{
  "name": "1game-cli-demo",
  "version": "1.0.0",
  "lockfileVersion": 3,
  "requires": true,
  "packages": {
    "": {
      "name": "1game-cli-demo",
      "version": "1.0.0",
      "devDependencies": {
        "@1game/skill": "1.10.0"
      }
    },
    "node_modules/@1game/skill": {
      "version": "1.10.0",
      "resolved": "https://registry.npmjs.org/@1game/skill/-/skill-1.10.0.tgz",
      "integrity": "sha512-Id8bwkD0iu0NR38tUAe4C2CBCQwVIBBRKt20KM5zoahWDGb5uQdkR4rPBsHFUzULhUN3AvXN9PczsRrFwms0pw==",
      "dev": true,
      "license": "MIT",
      "bin": {
        "1game-skill": "bin/skill.mjs"
      }
    }
  }
}
