{
  "name": "workspace",
  "version": "1.0.0",
  "lockfileVersion": 3,
  "requires": true,
  "packages": {
    "": {
      "name": "workspace",
      "version": "1.0.0",
      "license": "ISC",
      "dependencies": {
        "@1game/skill": "^1.7.2"
      }
    },
    "node_modules/@1game/skill": {
      "version": "1.7.2",
      "resolved": "https://registry.npmjs.org/@1game/skill/-/skill-1.7.2.tgz",
      "integrity": "sha512-ygr9aIRiwCZmyDdZ5IascW1IpyaWuQwy4wI+uk8Qh1IcN33EwrujqKiweGiLRtmdSlxfu+ecTLoJDD79aLQyww==",
      "license": "MIT",
      "bin": {
        "1game-skill": "bin/skill.mjs"
      }
    }
  }
}
