{
  "name": "workspace",
  "version": "1.0.0",
  "lockfileVersion": 3,
  "requires": true,
  "packages": {
    "": {
      "name": "workspace",
      "version": "1.0.0",
      "license": "ISC",
      "dependencies": {
        "@1game/skill": "^1.6.0"
      }
    },
    "node_modules/@1game/skill": {
      "version": "1.6.0",
      "resolved": "https://registry.npmjs.org/@1game/skill/-/skill-1.6.0.tgz",
      "integrity": "sha512-c309RNX+cLQeRtVmd5Tplaf9YZl4fbQuTgImtTOrSZsrJP5eurn6tZt6vVtTUkjalNeYCb43FeD/HDH3r/sAIA==",
      "license": "MIT"
    }
  }
}
